{
  "name": "erc20",
  "version": "1.0.0",
  "lockfileVersion": 2,
  "requires": true,
  "packages": {
    "": {
      "name": "erc20",
      "version": "1.0.0",
      "license": "ISC",
      "dependencies": {
        "@graphprotocol/graph-ts": "^0.26.0"
      },
      "devDependencies": {
        "assemblyscript": "^0.20.1"
      }
    },
    "node_modules/@graphprotocol/graph-ts": {
      "version": "0.26.0",
      "resolved": "https://registry.npmjs.org/@graphprotocol/graph-ts/-/graph-ts-0.26.0.tgz",
      "integrity": "sha512-GW/emOJl+35MXgmIxTnUK7dJtPCaB9u5aAwoLVqJ8swogC794O92UrXMVrAJsherUriu+yI9bLMGmNPOIi60jw==",
      "dependencies": {
        "assemblyscript": "0.19.10"
      }
    },
    "node_modules/@graphprotocol/graph-ts/node_modules/assemblyscript": {
      "version": "0.19.10",
      "resolved": "https://registry.npmjs.org/assemblyscript/-/assemblyscript-0.19.10.tgz",
      "integrity": "sha512-HavcUBXB3mBTRGJcpvaQjmnmaqKHBGREjSPNsIvnAk2f9dj78y4BkMaSSdvBQYWcDDzsHQjyUC8stICFkD1Odg==",
      "dependencies": {
        "binaryen": "101.0.0-nightly.20210723",
        "long": "^4.0.0"
      },
      "bin": {
        "asc": "bin/asc",
        "asinit": "bin/asinit"
      },
      "funding": {
        "type": "opencollective",
        "url": "https://opencollective.com/assemblyscript"
      }
    },
    "node_modules/@graphprotocol/graph-ts/node_modules/binaryen": {
      "version": "101.0.0-nightly.20210723",
      "resolved": "https://registry.npmjs.org/binaryen/-/binaryen-101.0.0-nightly.20210723.tgz",
      "integrity": "sha512-eioJNqhHlkguVSbblHOtLqlhtC882SOEPKmNFZaDuz1hzQjolxZ+eu3/kaS10n3sGPONsIZsO7R9fR00UyhEUA==",
      "bin": {
        "wasm-opt": "bin/wasm-opt"
      }
    },
    "node_modules/@graphprotocol/graph-ts/node_modules/long": {
      "version": "4.0.0",
      "resolved": "https://registry.npmjs.org/long/-/long-4.0.0.tgz",
      "integrity": "sha512-XsP+KhQif4bjX1kbuSiySJFNAehNxgLb6hPRGJ9QsUr8ajHkuXGdrHmFUTUUXhDwVX2R5bY4JNZEwbUiMhV+MA=="
    },
    "node_modules/assemblyscript": {
      "version": "0.20.1",
      "resolved": "https://registry.npmjs.org/assemblyscript/-/assemblyscript-0.20.1.tgz",
      "integrity": "sha512-wqz3dpP6oXQVRYOhLB17UYGCgVhx7Tf1FYib2qJ4alp24VEHDK7e6FWCkX8cFd2uHcSOAfBtFPVzHTMioJhpbw==",
      "dev": true,
      "dependencies": {
        "binaryen": "106.0.0-nightly.20220320",
        "long": "^5.2.0"
      },
      "bin": {
        "asc": "bin/asc.js",
        "asinit": "bin/asinit.js"
      },
      "funding": {
        "type": "opencollective",
        "url": "https://opencollective.com/assemblyscript"
      }
    },
    "node_modules/binaryen": {
      "version": "106.0.0-nightly.20220320",
      "resolved": "https://registry.npmjs.org/binaryen/-/binaryen-106.0.0-nightly.20220320.tgz",
      "integrity": "sha512-9Jzp9aOJ2uk2+viAiPr6+wi1BZKlxO4paTVm481RUEq3PIY63kdw78JoThrROt1s1qpCMuz0Oml6YqPJ7tep4w==",
      "dev": true,
      "bin": {
        "wasm-opt": "bin/wasm-opt",
        "wasm2js": "bin/wasm2js"
      }
    },
    "node_modules/long": {
      "version": "5.2.0",
      "resolved": "https://registry.npmjs.org/long/-/long-5.2.0.tgz",
      "integrity": "sha512-9RTUNjK60eJbx3uz+TEGF7fUr29ZDxR5QzXcyDpeSfeH28S9ycINflOgOlppit5U+4kNTe83KQnMEerw7GmE8w==",
      "dev": true
    }
  },
  "dependencies": {
    "@graphprotocol/graph-ts": {
      "version": "0.26.0",
      "resolved": "https://registry.npmjs.org/@graphprotocol/graph-ts/-/graph-ts-0.26.0.tgz",
      "integrity": "sha512-GW/emOJl+35MXgmIxTnUK7dJtPCaB9u5aAwoLVqJ8swogC794O92UrXMVrAJsherUriu+yI9bLMGmNPOIi60jw==",
      "requires": {
        "assemblyscript": "0.19.10"
      },
      "dependencies": {
        "assemblyscript": {
          "version": "0.19.10",
          "resolved": "https://registry.npmjs.org/assemblyscript/-/assemblyscript-0.19.10.tgz",
          "integrity": "sha512-HavcUBXB3mBTRGJcpvaQjmnmaqKHBGREjSPNsIvnAk2f9dj78y4BkMaSSdvBQYWcDDzsHQjyUC8stICFkD1Odg==",
          "requires": {
            "binaryen": "101.0.0-nightly.20210723",
            "long": "^4.0.0"
          }
        },
        "binaryen": {
          "version": "101.0.0-nightly.20210723",
          "resolved": "https://registry.npmjs.org/binaryen/-/binaryen-101.0.0-nightly.20210723.tgz",
          "integrity": "sha512-eioJNqhHlkguVSbblHOtLqlhtC882SOEPKmNFZaDuz1hzQjolxZ+eu3/kaS10n3sGPONsIZsO7R9fR00UyhEUA=="
        },
        "long": {
          "version": "4.0.0",
          "resolved": "https://registry.npmjs.org/long/-/long-4.0.0.tgz",
          "integrity": "sha512-XsP+KhQif4bjX1kbuSiySJFNAehNxgLb6hPRGJ9QsUr8ajHkuXGdrHmFUTUUXhDwVX2R5bY4JNZEwbUiMhV+MA=="
        }
      }
    },
    "assemblyscript": {
      "version": "0.20.1",
      "resolved": "https://registry.npmjs.org/assemblyscript/-/assemblyscript-0.20.1.tgz",
      "integrity": "sha512-wqz3dpP6oXQVRYOhLB17UYGCgVhx7Tf1FYib2qJ4alp24VEHDK7e6FWCkX8cFd2uHcSOAfBtFPVzHTMioJhpbw==",
      "dev": true,
      "requires": {
        "binaryen": "106.0.0-nightly.20220320",
        "long": "^5.2.0"
      }
    },
    "binaryen": {
      "version": "106.0.0-nightly.20220320",
      "resolved": "https://registry.npmjs.org/binaryen/-/binaryen-106.0.0-nightly.20220320.tgz",
      "integrity": "sha512-9Jzp9aOJ2uk2+viAiPr6+wi1BZKlxO4paTVm481RUEq3PIY63kdw78JoThrROt1s1qpCMuz0Oml6YqPJ7tep4w==",
      "dev": true
    },
    "long": {
      "version": "5.2.0",
      "resolved": "https://registry.npmjs.org/long/-/long-5.2.0.tgz",
      "integrity": "sha512-9RTUNjK60eJbx3uz+TEGF7fUr29ZDxR5QzXcyDpeSfeH28S9ycINflOgOlppit5U+4kNTe83KQnMEerw7GmE8w==",
      "dev": true
    }
  }
}
